
Microsoft Visual Studio Solution File, Format Version 12.00
# Visual Studio Version 16
VisualStudioVersion = 16.0.29215.179
MinimumVisualStudioVersion = 10.0.40219.1
Project("{FAE04EC0-301F-11D3-BF4B-00C04F79EFBC}") = "tacitdemo", "tacitdemo.csproj", "{D2F23D89-2EE4-47E1-82D0-ED1D1DA66667}"
EndProject
Global
	GlobalSection(SolutionConfigurationPlatforms) = preSolution
		Debug|Any CPU = Debug|Any CPU
		Release|Any CPU = Release|Any CPU
	EndGlobalSection
	GlobalSection(ProjectConfigurationPlatforms) = postSolution
		{D2F23D89-2EE4-47E1-82D0-ED1D1DA66667}.Debug|Any CPU.ActiveCfg = Debug|Any CPU
		{D2F23D89-2EE4-47E1-82D0-ED1D1DA66667}.Debug|Any CPU.Build.0 = Debug|Any CPU
		{D2F23D89-2EE4-47E1-82D0-ED1D1DA66667}.Release|Any CPU.ActiveCfg = Release|Any CPU
		{D2F23D89-2EE4-47E1-82D0-ED1D1DA66667}.Release|Any CPU.Build.0 = Release|Any CPU
	EndGlobalSection
	GlobalSection(SolutionProperties) = preSolution
		HideSolutionNode = FALSE
	EndGlobalSection
	GlobalSection(ExtensibilityGlobals) = postSolution
		SolutionGuid = {7974CC6F-A913-44DC-A51B-4EE45D5C755F}
	EndGlobalSection
EndGlobal
